
Microsoft Visual Studio Solution File, Format Version 12.00
# Visual Studio 15
VisualStudioVersion = 15.0.26430.6
MinimumVisualStudioVersion = 10.0.40219.1
Project("{FAE04EC0-301F-11D3-BF4B-00C04F79EFBC}") = "SysLibrary.API", "SysLibrary.API\SysLibrary.API.csproj", "{565AB457-068D-43B2-BCC1-BA17AB1D0F22}"
EndProject
Project("{2150E333-8FDC-42A3-9474-1A3956D46DE8}") = "1 - UI", "1 - UI", "{85E5185D-C060-4857-9E86-2E3CAE851ECA}"
EndProject
Project("{2150E333-8FDC-42A3-9474-1A3956D46DE8}") = "2 - AppService", "2 - AppService", "{95048D33-1B8F-45AB-8A0B-8BE491B75ED7}"
EndProject
Project("{2150E333-8FDC-42A3-9474-1A3956D46DE8}") = "3 - Domain", "3 - Domain", "{281E23B7-CB11-4CB5-BF10-51C6C26186EC}"
EndProject
Project("{2150E333-8FDC-42A3-9474-1A3956D46DE8}") = "4 - Infra", "4 - Infra", "{038DE526-D41C-4660-BA40-C68D4D1750F0}"
EndProject
Project("{2150E333-8FDC-42A3-9474-1A3956D46DE8}") = "4.1 - Data", "4.1 - Data", "{DC0C019A-C501-4C5F-A327-79BDD62DA3CF}"
EndProject
Project("{2150E333-8FDC-42A3-9474-1A3956D46DE8}") = "4.2 - CrossCutting", "4.2 - CrossCutting", "{04424A9D-F41B-43E9-A9F0-9A4C634AB0D5}"
EndProject
Project("{FAE04EC0-301F-11D3-BF4B-00C04F79EFBC}") = "SysLibrary.Di", "SysLibrary.Di\SysLibrary.Di.csproj", "{B914B210-4829-43EF-BCCB-F7FF0E5FB913}"
EndProject
Project("{FAE04EC0-301F-11D3-BF4B-00C04F79EFBC}") = "SysLibrary.Data", "SysLibrary.Data\SysLibrary.Data.csproj", "{FC8A0DE7-08C2-4F32-AF10-778672316827}"
EndProject
Project("{FAE04EC0-301F-11D3-BF4B-00C04F79EFBC}") = "SysLibrary.Domain", "SysLibrary.Domain\SysLibrary.Domain.csproj", "{5910B4E7-4560-4CB8-BF13-633449823B5F}"
EndProject
Project("{FAE04EC0-301F-11D3-BF4B-00C04F79EFBC}") = "SysLibrary.AppService", "SysLibrary.AppService\SysLibrary.AppService.csproj", "{10EBC1C3-DDE4-4141-85AB-7BC2A968BF2B}"
EndProject
Global
	GlobalSection(SolutionConfigurationPlatforms) = preSolution
		Debug|Any CPU = Debug|Any CPU
		Release|Any CPU = Release|Any CPU
	EndGlobalSection
	GlobalSection(ProjectConfigurationPlatforms) = postSolution
		{565AB457-068D-43B2-BCC1-BA17AB1D0F22}.Debug|Any CPU.ActiveCfg = Debug|Any CPU
		{565AB457-068D-43B2-BCC1-BA17AB1D0F22}.Debug|Any CPU.Build.0 = Debug|Any CPU
		{565AB457-068D-43B2-BCC1-BA17AB1D0F22}.Release|Any CPU.ActiveCfg = Release|Any CPU
		{565AB457-068D-43B2-BCC1-BA17AB1D0F22}.Release|Any CPU.Build.0 = Release|Any CPU
		{B914B210-4829-43EF-BCCB-F7FF0E5FB913}.Debug|Any CPU.ActiveCfg = Debug|Any CPU
		{B914B210-4829-43EF-BCCB-F7FF0E5FB913}.Debug|Any CPU.Build.0 = Debug|Any CPU
		{B914B210-4829-43EF-BCCB-F7FF0E5FB913}.Release|Any CPU.ActiveCfg = Release|Any CPU
		{B914B210-4829-43EF-BCCB-F7FF0E5FB913}.Release|Any CPU.Build.0 = Release|Any CPU
		{FC8A0DE7-08C2-4F32-AF10-778672316827}.Debug|Any CPU.ActiveCfg = Debug|Any CPU
		{FC8A0DE7-08C2-4F32-AF10-778672316827}.Debug|Any CPU.Build.0 = Debug|Any CPU
		{FC8A0DE7-08C2-4F32-AF10-778672316827}.Release|Any CPU.ActiveCfg = Release|Any CPU
		{FC8A0DE7-08C2-4F32-AF10-778672316827}.Release|Any CPU.Build.0 = Release|Any CPU
		{5910B4E7-4560-4CB8-BF13-633449823B5F}.Debug|Any CPU.ActiveCfg = Debug|Any CPU
		{5910B4E7-4560-4CB8-BF13-633449823B5F}.Debug|Any CPU.Build.0 = Debug|Any CPU
		{5910B4E7-4560-4CB8-BF13-633449823B5F}.Release|Any CPU.ActiveCfg = Release|Any CPU
		{5910B4E7-4560-4CB8-BF13-633449823B5F}.Release|Any CPU.Build.0 = Release|Any CPU
		{10EBC1C3-DDE4-4141-85AB-7BC2A968BF2B}.Debug|Any CPU.ActiveCfg = Debug|Any CPU
		{10EBC1C3-DDE4-4141-85AB-7BC2A968BF2B}.Debug|Any CPU.Build.0 = Debug|Any CPU
		{10EBC1C3-DDE4-4141-85AB-7BC2A968BF2B}.Release|Any CPU.ActiveCfg = Release|Any CPU
		{10EBC1C3-DDE4-4141-85AB-7BC2A968BF2B}.Release|Any CPU.Build.0 = Release|Any CPU
	EndGlobalSection
	GlobalSection(SolutionProperties) = preSolution
		HideSolutionNode = FALSE
	EndGlobalSection
	GlobalSection(NestedProjects) = preSolution
		{565AB457-068D-43B2-BCC1-BA17AB1D0F22} = {85E5185D-C060-4857-9E86-2E3CAE851ECA}
		{DC0C019A-C501-4C5F-A327-79BDD62DA3CF} = {038DE526-D41C-4660-BA40-C68D4D1750F0}
		{04424A9D-F41B-43E9-A9F0-9A4C634AB0D5} = {038DE526-D41C-4660-BA40-C68D4D1750F0}
		{B914B210-4829-43EF-BCCB-F7FF0E5FB913} = {04424A9D-F41B-43E9-A9F0-9A4C634AB0D5}
		{FC8A0DE7-08C2-4F32-AF10-778672316827} = {DC0C019A-C501-4C5F-A327-79BDD62DA3CF}
		{5910B4E7-4560-4CB8-BF13-633449823B5F} = {281E23B7-CB11-4CB5-BF10-51C6C26186EC}
		{10EBC1C3-DDE4-4141-85AB-7BC2A968BF2B} = {95048D33-1B8F-45AB-8A0B-8BE491B75ED7}
	EndGlobalSection
EndGlobal
